
Microsoft Visual Studio Solution File, Format Version 12.00
Project("{FAE04EC0-301F-11D3-BF4B-00C04F79EFBC}") = "LearnC", "LearnC\LearnC.csproj", "{A3CE3FBD-56F2-48DB-80D8-83D3C214BD29}"
EndProject
Global
	GlobalSection(SolutionConfigurationPlatforms) = preSolution
		Debug|Any CPU = Debug|Any CPU
		Release|Any CPU = Release|Any CPU
	EndGlobalSection
	GlobalSection(ProjectConfigurationPlatforms) = postSolution
		{A3CE3FBD-56F2-48DB-80D8-83D3C214BD29}.Debug|Any CPU.ActiveCfg = Debug|Any CPU
		{A3CE3FBD-56F2-48DB-80D8-83D3C214BD29}.Debug|Any CPU.Build.0 = Debug|Any CPU
		{A3CE3FBD-56F2-48DB-80D8-83D3C214BD29}.Release|Any CPU.ActiveCfg = Release|Any CPU
		{A3CE3FBD-56F2-48DB-80D8-83D3C214BD29}.Release|Any CPU.Build.0 = Release|Any CPU
	EndGlobalSection
EndGlobal
